// !$*UTF8*$!
{
	archiveVersion = 1;
	classes = {
	};
	objectVersion = 46;
	objects = {

/* Begin PBXBuildFile section */
		486890131F2823940066BF2A /* a.png in Resources */ = {isa = PBXBuildFile; fileRef = 486890121F2823940066BF2A /* a.png */; };
		486890281F2879B20066BF2A /* UIButton+Chain.m in Sources */ = {isa = PBXBuildFile; fileRef = 486890211F2879B10066BF2A /* UIButton+Chain.m */; };
		486890291F2879B20066BF2A /* UILabel+Chain.m in Sources */ = {isa = PBXBuildFile; fileRef = 486890231F2879B10066BF2A /* UILabel+Chain.m */; };
		4868902A1F2879B20066BF2A /* UIView+Chain.m in Sources */ = {isa = PBXBuildFile; fileRef = 486890251F2879B10066BF2A /* UIView+Chain.m */; };
		4868902B1F2879B20066BF2A /* XCBaseButton.m in Sources */ = {isa = PBXBuildFile; fileRef = 486890271F2879B10066BF2A /* XCBaseButton.m */; };
		486D12E91F27164100328805 /* main.m in Sources */ = {isa = PBXBuildFile; fileRef = 486D12E81F27164100328805 /* main.m */; };
		486D12EC1F27164100328805 /* AppDelegate.m in Sources */ = {isa = PBXBuildFile; fileRef = 486D12EB1F27164100328805 /* AppDelegate.m */; };
		486D12EF1F27164100328805 /* ViewController.m in Sources */ = {isa = PBXBuildFile; fileRef = 486D12EE1F27164100328805 /* ViewController.m */; };
		486D12F21F27164100328805 /* Main.storyboard in Resources */ = {isa = PBXBuildFile; fileRef = 486D12F01F27164100328805 /* Main.storyboard */; };
		486D12F41F27164100328805 /* Assets.xcassets in Resources */ = {isa = PBXBuildFile; fileRef = 486D12F31F27164100328805 /* Assets.xcassets */; };
		486D12F71F27164100328805 /* LaunchScreen.storyboard in Resources */ = {isa = PBXBuildFile; fileRef = 486D12F51F27164100328805 /* LaunchScreen.storyboard */; };
		486D13021F27164100328805 /* XCChainTests.m in Sources */ = {isa = PBXBuildFile; fileRef = 486D13011F27164100328805 /* XCChainTests.m */; };
		486D130D1F27164200328805 /* XCChainUITests.m in Sources */ = {isa = PBXBuildFile; fileRef = 486D130C1F27164200328805 /* XCChainUITests.m */; };
/* End PBXBuildFile section */

/* Begin PBXContainerItemProxy section */
		486D12FE1F27164100328805 /* PBXContainerItemProxy */ = {
			isa = PBXContainerItemProxy;
			containerPortal = 486D12DC1F27164100328805 /* Project object */;
			proxyType = 1;
			remoteGlobalIDString = 486D12E31F27164100328805;
			remoteInfo = XCChain;
		};
		486D13091F27164100328805 /* PBXContainerItemProxy */ = {
			isa = PBXContainerItemProxy;
			containerPortal = 486D12DC1F27164100328805 /* Project object */;
			proxyType = 1;
			remoteGlobalIDString = 486D12E31F27164100328805;
			remoteInfo = XCChain;
		};
/* End PBXContainerItemProxy section */

/* Begin PBXFileReference section */
		486890121F2823940066BF2A /* a.png */ = {isa = PBXFileReference; lastKnownFileType = image.png; path = a.png; sourceTree = "<group>"; };
		486890171F282EC70066BF2A /* PrefixHeader.pch */ = {isa = PBXFileReference; lastKnownFileType = sourcecode.c.h; path = PrefixHeader.pch; sourceTree = "<group>"; };
		4868901B1F2834730066BF2A /* Macros.h */ = {isa = PBXFileReference; lastKnownFileType = sourcecode.c.h; path = Macros.h; sourceTree = "<group>"; };
		486890201F2879B10066BF2A /* UIButton+Chain.h */ = {isa = PBXFileReference; fileEncoding = 4; lastKnownFileType = sourcecode.c.h; path = "UIButton+Chain.h"; sourceTree = "<group>"; };
		486890211F2879B10066BF2A /* UIButton+Chain.m */ = {isa = PBXFileReference; fileEncoding = 4; lastKnownFileType = sourcecode.c.objc; path = "UIButton+Chain.m"; sourceTree = "<group>"; };
		486890221F2879B10066BF2A /* UILabel+Chain.h */ = {isa = PBXFileReference; fileEncoding = 4; lastKnownFileType = sourcecode.c.h; path = "UILabel+Chain.h"; sourceTree = "<group>"; };
		486890231F2879B10066BF2A /* UILabel+Chain.m */ = {isa = PBXFileReference; fileEncoding = 4; lastKnownFileType = sourcecode.c.objc; path = "UILabel+Chain.m"; sourceTree = "<group>"; };
		486890241F2879B10066BF2A /* UIView+Chain.h */ = {isa = PBXFileReference; fileEncoding = 4; lastKnownFileType = sourcecode.c.h; path = "UIView+Chain.h"; sourceTree = "<group>"; };
		486890251F2879B10066BF2A /* UIView+Chain.m */ = {isa = PBXFileReference; fileEncoding = 4; lastKnownFileType = sourcecode.c.objc; path = "UIView+Chain.m"; sourceTree = "<group>"; };
		486890261F2879B10066BF2A /* XCBaseButton.h */ = {isa = PBXFileReference; fileEncoding = 4; lastKnownFileType = sourcecode.c.h; path = XCBaseButton.h; sourceTree = "<group>"; };
		486890271F2879B10066BF2A /* XCBaseButton.m */ = {isa = PBXFileReference; fileEncoding = 4; lastKnownFileType = sourcecode.c.objc; path = XCBaseButton.m; sourceTree = "<group>"; };
		486D12E41F27164100328805 /* XCChain.app */ = {isa = PBXFileReference; explicitFileType = wrapper.application; includeInIndex = 0; path = XCChain.app; sourceTree = BUILT_PRODUCTS_DIR; };
		486D12E81F27164100328805 /* main.m */ = {isa = PBXFileReference; lastKnownFileType = sourcecode.c.objc; path = main.m; sourceTree = "<group>"; };
		486D12EA1F27164100328805 /* AppDelegate.h */ = {isa = PBXFileReference; lastKnownFileType = sourcecode.c.h; path = AppDelegate.h; sourceTree = "<group>"; };
		486D12EB1F27164100328805 /* AppDelegate.m */ = {isa = PBXFileReference; lastKnownFileType = sourcecode.c.objc; path = AppDelegate.m; sourceTree = "<group>"; };
		486D12ED1F27164100328805 /* ViewController.h */ = {isa = PBXFileReference; lastKnownFileType = sourcecode.c.h; path = ViewController.h; sourceTree = "<group>"; };
		486D12EE1F27164100328805 /* ViewController.m */ = {isa = PBXFileReference; lastKnownFileType = sourcecode.c.objc; path = ViewController.m; sourceTree = "<group>"; };
		486D12F11F27164100328805 /* Base */ = {isa = PBXFileReference; lastKnownFileType = file.storyboard; name = Base; path = Base.lproj/Main.storyboard; sourceTree = "<group>"; };
		486D12F31F27164100328805 /* Assets.xcassets */ = {isa = PBXFileReference; lastKnownFileType = folder.assetcatalog; path = Assets.xcassets; sourceTree = "<group>"; };
		486D12F61F27164100328805 /* Base */ = {isa = PBXFileReference; lastKnownFileType = file.storyboard; name = Base; path = Base.lproj/LaunchScreen.storyboard; sourceTree = "<group>"; };
		486D12F81F27164100328805 /* Info.plist */ = {isa = PBXFileReference; lastKnownFileType = text.plist.xml; path = Info.plist; sourceTree = "<group>"; };
		486D12FD1F27164100328805 /* XCChainTests.xctest */ = {isa = PBXFileReference; explicitFileType = wrapper.cfbundle; includeInIndex = 0; path = XCChainTests.xctest; sourceTree = BUILT_PRODUCTS_DIR; };
		486D13011F27164100328805 /* XCChainTests.m */ = {isa = PBXFileReference; lastKnownFileType = sourcecode.c.objc; path = XCChainTests.m; sourceTree = "<group>"; };
		486D13031F27164100328805 /* Info.plist */ = {isa = PBXFileReference; lastKnownFileType = text.plist.xml; path = Info.plist; sourceTree = "<group>"; };
		486D13081F27164100328805 /* XCChainUITests.xctest */ = {isa = PBXFileReference; explicitFileType = wrapper.cfbundle; includeInIndex = 0; path = XCChainUITests.xctest; sourceTree = BUILT_PRODUCTS_DIR; };
		486D130C1F27164200328805 /* XCChainUITests.m */ = {isa = PBXFileReference; lastKnownFileType = sourcecode.c.objc; path = XCChainUITests.m; sourceTree = "<group>"; };
		486D130E1F27164200328805 /* Info.plist */ = {isa = PBXFileReference; lastKnownFileType = text.plist.xml; path = Info.plist; sourceTree = "<group>"; };
/* End PBXFileReference section */

/* Begin PBXFrameworksBuildPhase section */
		486D12E11F27164100328805 /* Frameworks */ = {
			isa = PBXFrameworksBuildPhase;
			buildActionMask = 2147483647;
			files = (
			);
			runOnlyForDeploymentPostprocessing = 0;
		};
		486D12FA1F27164100328805 /* Frameworks */ = {
			isa = PBXFrameworksBuildPhase;
			buildActionMask = 2147483647;
			files = (
			);
			runOnlyForDeploymentPostprocessing = 0;
		};
		486D13051F27164100328805 /* Frameworks */ = {
			isa = PBXFrameworksBuildPhase;
			buildActionMask = 2147483647;
			files = (
			);
			runOnlyForDeploymentPostprocessing = 0;
		};
/* End PBXFrameworksBuildPhase section */

/* Begin PBXGroup section */
		4868901F1F2879B10066BF2A /* Chain(链式语法) */ = {
			isa = PBXGroup;
			children = (
				486890201F2879B10066BF2A /* UIButton+Chain.h */,
				486890211F2879B10066BF2A /* UIButton+Chain.m */,
				486890221F2879B10066BF2A /* UILabel+Chain.h */,
				486890231F2879B10066BF2A /* UILabel+Chain.m */,
				486890241F2879B10066BF2A /* UIView+Chain.h */,
				486890251F2879B10066BF2A /* UIView+Chain.m */,
				486890261F2879B10066BF2A /* XCBaseButton.h */,
				486890271F2879B10066BF2A /* XCBaseButton.m */,
			);
			name = "Chain(链式语法)";
			path = Chain;
			sourceTree = "<group>";
		};
		486D12DB1F27164100328805 = {
			isa = PBXGroup;
			children = (
				486D12E61F27164100328805 /* XCChain */,
				486D13001F27164100328805 /* XCChainTests */,
				486D130B1F27164200328805 /* XCChainUITests */,
				486D12E51F27164100328805 /* Products */,
			);
			sourceTree = "<group>";
		};
		486D12E51F27164100328805 /* Products */ = {
			isa = PBXGroup;
			children = (
				486D12E41F27164100328805 /* XCChain.app */,
				486D12FD1F27164100328805 /* XCChainTests.xctest */,
				486D13081F27164100328805 /* XCChainUITests.xctest */,
			);
			name = Products;
			sourceTree = "<group>";
		};
		486D12E61F27164100328805 /* XCChain */ = {
			isa = PBXGroup;
			children = (
				486D12EA1F27164100328805 /* AppDelegate.h */,
				486D12EB1F27164100328805 /* AppDelegate.m */,
				486D12ED1F27164100328805 /* ViewController.h */,
				486D12EE1F27164100328805 /* ViewController.m */,
				486890171F282EC70066BF2A /* PrefixHeader.pch */,
				4868901B1F2834730066BF2A /* Macros.h */,
				4868901F1F2879B10066BF2A /* Chain(链式语法) */,
				486D12F01F27164100328805 /* Main.storyboard */,
				486D12F31F27164100328805 /* Assets.xcassets */,
				486D12F51F27164100328805 /* LaunchScreen.storyboard */,
				486D12F81F27164100328805 /* Info.plist */,
				486890121F2823940066BF2A /* a.png */,
				486D12E71F27164100328805 /* Supporting Files */,
			);
			path = XCChain;
			sourceTree = "<group>";
		};
		486D12E71F27164100328805 /* Supporting Files */ = {
			isa = PBXGroup;
			children = (
				486D12E81F27164100328805 /* main.m */,
			);
			name = "Supporting Files";
			sourceTree = "<group>";
		};
		486D13001F27164100328805 /* XCChainTests */ = {
			isa = PBXGroup;
			children = (
				486D13011F27164100328805 /* XCChainTests.m */,
				486D13031F27164100328805 /* Info.plist */,
			);
			path = XCChainTests;
			sourceTree = "<group>";
		};
		486D130B1F27164200328805 /* XCChainUITests */ = {
			isa = PBXGroup;
			children = (
				486D130C1F27164200328805 /* XCChainUITests.m */,
				486D130E1F27164200328805 /* Info.plist */,
			);
			path = XCChainUITests;
			sourceTree = "<group>";
		};
/* End PBXGroup section */

/* Begin PBXNativeTarget section */
		486D12E31F27164100328805 /* XCChain */ = {
			isa = PBXNativeTarget;
			buildConfigurationList = 486D13111F27164200328805 /* Build configuration list for PBXNativeTarget "XCChain" */;
			buildPhases = (
				486D12E01F27164100328805 /* Sources */,
				486D12E11F27164100328805 /* Frameworks */,
				486D12E21F27164100328805 /* Resources */,
			);
			buildRules = (
			);
			dependencies = (
			);
			name = XCChain;
			productName = XCChain;
			productReference = 486D12E41F27164100328805 /* XCChain.app */;
			productType = "com.apple.product-type.application";
		};
		486D12FC1F27164100328805 /* XCChainTests */ = {
			isa = PBXNativeTarget;
			buildConfigurationList = 486D13141F27164200328805 /* Build configuration list for PBXNativeTarget "XCChainTests" */;
			buildPhases = (
				486D12F91F27164100328805 /* Sources */,
				486D12FA1F27164100328805 /* Frameworks */,
				486D12FB1F27164100328805 /* Resources */,
			);
			buildRules = (
			);
			dependencies = (
				486D12FF1F27164100328805 /* PBXTargetDependency */,
			);
			name = XCChainTests;
			productName = XCChainTests;
			productReference = 486D12FD1F27164100328805 /* XCChainTests.xctest */;
			productType = "com.apple.product-type.bundle.unit-test";
		};
		486D13071F27164100328805 /* XCChainUITests */ = {
			isa = PBXNativeTarget;
			buildConfigurationList = 486D13171F27164200328805 /* Build configuration list for PBXNativeTarget "XCChainUITests" */;
			buildPhases = (
				486D13041F27164100328805 /* Sources */,
				486D13051F27164100328805 /* Frameworks */,
				486D13061F27164100328805 /* Resources */,
			);
			buildRules = (
			);
			dependencies = (
				486D130A1F27164100328805 /* PBXTargetDependency */,
			);
			name = XCChainUITests;
			productName = XCChainUITests;
			productReference = 486D13081F27164100328805 /* XCChainUITests.xctest */;
			productType = "com.apple.product-type.bundle.ui-testing";
		};
/* End PBXNativeTarget section */

/* Begin PBXProject section */
		486D12DC1F27164100328805 /* Project object */ = {
			isa = PBXProject;
			attributes = {
				LastUpgradeCheck = 0830;
				ORGANIZATIONNAME = "徐学超";
				TargetAttributes = {
					486D12E31F27164100328805 = {
						CreatedOnToolsVersion = 8.3.1;
						DevelopmentTeam = 3R9SL7LBDT;
						ProvisioningStyle = Automatic;
					};
					486D12FC1F27164100328805 = {
						CreatedOnToolsVersion = 8.3.1;
						DevelopmentTeam = 3R9SL7LBDT;
						ProvisioningStyle = Automatic;
						TestTargetID = 486D12E31F27164100328805;
					};
					486D13071F27164100328805 = {
						CreatedOnToolsVersion = 8.3.1;
						DevelopmentTeam = 3R9SL7LBDT;
						ProvisioningStyle = Automatic;
						TestTargetID = 486D12E31F27164100328805;
					};
				};
			};
			buildConfigurationList = 486D12DF1F27164100328805 /* Build configuration list for PBXProject "XCChain" */;
			compatibilityVersion = "Xcode 3.2";
			developmentRegion = English;
			hasScannedForEncodings = 0;
			knownRegions = (
				en,
				Base,
			);
			mainGroup = 486D12DB1F27164100328805;
			productRefGroup = 486D12E51F27164100328805 /* Products */;
			projectDirPath = "";
			projectRoot = "";
			targets = (
				486D12E31F27164100328805 /* XCChain */,
				486D12FC1F27164100328805 /* XCChainTests */,
				486D13071F27164100328805 /* XCChainUITests */,
			);
		};
/* End PBXProject section */

/* Begin PBXResourcesBuildPhase section */
		486D12E21F27164100328805 /* Resources */ = {
			isa = PBXResourcesBuildPhase;
			buildActionMask = 2147483647;
			files = (
				486D12F71F27164100328805 /* LaunchScreen.storyboard in Resources */,
				486890131F2823940066BF2A /* a.png in Resources */,
				486D12F41F27164100328805 /* Assets.xcassets in Resources */,
				486D12F21F27164100328805 /* Main.storyboard in Resources */,
			);
			runOnlyForDeploymentPostprocessing = 0;
		};
		486D12FB1F27164100328805 /* Resources */ = {
			isa = PBXResourcesBuildPhase;
			buildActionMask = 2147483647;
			files = (
			);
			runOnlyForDeploymentPostprocessing = 0;
		};
		486D13061F27164100328805 /* Resources */ = {
			isa = PBXResourcesBuildPhase;
			buildActionMask = 2147483647;
			files = (
			);
			runOnlyForDeploymentPostprocessing = 0;
		};
/* End PBXResourcesBuildPhase section */

/* Begin PBXSourcesBuildPhase section */
		486D12E01F27164100328805 /* Sources */ = {
			isa = PBXSourcesBuildPhase;
			buildActionMask = 2147483647;
			files = (
				486D12EF1F27164100328805 /* ViewController.m in Sources */,
				486D12EC1F27164100328805 /* AppDelegate.m in Sources */,
				4868902B1F2879B20066BF2A /* XCBaseButton.m in Sources */,
				486D12E91F27164100328805 /* main.m in Sources */,
				486890281F2879B20066BF2A /* UIButton+Chain.m in Sources */,
				4868902A1F2879B20066BF2A /* UIView+Chain.m in Sources */,
				486890291F2879B20066BF2A /* UILabel+Chain.m in Sources */,
			);
			runOnlyForDeploymentPostprocessing = 0;
		};
		486D12F91F27164100328805 /* Sources */ = {
			isa = PBXSourcesBuildPhase;
			buildActionMask = 2147483647;
			files = (
				486D13021F27164100328805 /* XCChainTests.m in Sources */,
			);
			runOnlyForDeploymentPostprocessing = 0;
		};
		486D13041F27164100328805 /* Sources */ = {
			isa = PBXSourcesBuildPhase;
			buildActionMask = 2147483647;
			files = (
				486D130D1F27164200328805 /* XCChainUITests.m in Sources */,
			);
			runOnlyForDeploymentPostprocessing = 0;
		};
/* End PBXSourcesBuildPhase section */

/* Begin PBXTargetDependency section */
		486D12FF1F27164100328805 /* PBXTargetDependency */ = {
			isa = PBXTargetDependency;
			target = 486D12E31F27164100328805 /* XCChain */;
			targetProxy = 486D12FE1F27164100328805 /* PBXContainerItemProxy */;
		};
		486D130A1F27164100328805 /* PBXTargetDependency */ = {
			isa = PBXTargetDependency;
			target = 486D12E31F27164100328805 /* XCChain */;
			targetProxy = 486D13091F27164100328805 /* PBXContainerItemProxy */;
		};
/* End PBXTargetDependency section */

/* Begin PBXVariantGroup section */
		486D12F01F27164100328805 /* Main.storyboard */ = {
			isa = PBXVariantGroup;
			children = (
				486D12F11F27164100328805 /* Base */,
			);
			name = Main.storyboard;
			sourceTree = "<group>";
		};
		486D12F51F27164100328805 /* LaunchScreen.storyboard */ = {
			isa = PBXVariantGroup;
			children = (
				486D12F61F27164100328805 /* Base */,
			);
			name = LaunchScreen.storyboard;
			sourceTree = "<group>";
		};
/* End PBXVariantGroup section */

/* Begin XCBuildConfiguration section */
		486D130F1F27164200328805 /* Debug */ = {
			isa = XCBuildConfiguration;
			buildSettings = {
				ALWAYS_SEARCH_USER_PATHS = NO;
				CLANG_ANALYZER_NONNULL = YES;
				CLANG_ANALYZER_NUMBER_OBJECT_CONVERSION = YES_AGGRESSIVE;
				CLANG_CXX_LANGUAGE_STANDARD = "gnu++0x";
				CLANG_CXX_LIBRARY = "libc++";
				CLANG_ENABLE_MODULES = YES;
				CLANG_ENABLE_OBJC_ARC = YES;
				CLANG_WARN_BOOL_CONVERSION = YES;
				CLANG_WARN_CONSTANT_CONVERSION = YES;
				CLANG_WARN_DIRECT_OBJC_ISA_USAGE = YES_ERROR;
				CLANG_WARN_DOCUMENTATION_COMMENTS = YES;
				CLANG_WARN_EMPTY_BODY = YES;
				CLANG_WARN_ENUM_CONVERSION = YES;
				CLANG_WARN_INFINITE_RECURSION = YES;
				CLANG_WARN_INT_CONVERSION = YES;
				CLANG_WARN_OBJC_ROOT_CLASS = YES_ERROR;
				CLANG_WARN_SUSPICIOUS_MOVE = YES;
				CLANG_WARN_UNREACHABLE_CODE = YES;
				CLANG_WARN__DUPLICATE_METHOD_MATCH = YES;
				"CODE_SIGN_IDENTITY[sdk=iphoneos*]" = "iPhone Developer";
				COPY_PHASE_STRIP = NO;
				DEBUG_INFORMATION_FORMAT = dwarf;
				ENABLE_STRICT_OBJC_MSGSEND = YES;
				ENABLE_TESTABILITY = YES;
				GCC_C_LANGUAGE_STANDARD = gnu99;
				GCC_DYNAMIC_NO_PIC = NO;
				GCC_NO_COMMON_BLOCKS = YES;
				GCC_OPTIMIZATION_LEVEL = 0;
				GCC_PREPROCESSOR_DEFINITIONS = (
					"DEBUG=1",
					"$(inherited)",
				);
				GCC_WARN_64_TO_32_BIT_CONVERSION = YES;
				GCC_WARN_ABOUT_RETURN_TYPE = YES_ERROR;
				GCC_WARN_UNDECLARED_SELECTOR = YES;
				GCC_WARN_UNINITIALIZED_AUTOS = YES_AGGRESSIVE;
				GCC_WARN_UNUSED_FUNCTION = YES;
				GCC_WARN_UNUSED_VARIABLE = YES;
				IPHONEOS_DEPLOYMENT_TARGET = 10.3;
				MTL_ENABLE_DEBUG_INFO = YES;
				ONLY_ACTIVE_ARCH = YES;
				SDKROOT = iphoneos;
				TARGETED_DEVICE_FAMILY = "1,2";
			};
			name = Debug;
		};
		486D13101F27164200328805 /* Release */ = {
			isa = XCBuildConfiguration;
			buildSettings = {
				ALWAYS_SEARCH_USER_PATHS = NO;
				CLANG_ANALYZER_NONNULL = YES;
				CLANG_ANALYZER_NUMBER_OBJECT_CONVERSION = YES_AGGRESSIVE;
				CLANG_CXX_LANGUAGE_STANDARD = "gnu++0x";
				CLANG_CXX_LIBRARY = "libc++";
				CLANG_ENABLE_MODULES = YES;
				CLANG_ENABLE_OBJC_ARC = YES;
				CLANG_WARN_BOOL_CONVERSION = YES;
				CLANG_WARN_CONSTANT_CONVERSION = YES;
				CLANG_WARN_DIRECT_OBJC_ISA_USAGE = YES_ERROR;
				CLANG_WARN_DOCUMENTATION_COMMENTS = YES;
				CLANG_WARN_EMPTY_BODY = YES;
				CLANG_WARN_ENUM_CONVERSION = YES;
				CLANG_WARN_INFINITE_RECURSION = YES;
				CLANG_WARN_INT_CONVERSION = YES;
				CLANG_WARN_OBJC_ROOT_CLASS = YES_ERROR;
				CLANG_WARN_SUSPICIOUS_MOVE = YES;
				CLANG_WARN_UNREACHABLE_CODE = YES;
				CLANG_WARN__DUPLICATE_METHOD_MATCH = YES;
				"CODE_SIGN_IDENTITY[sdk=iphoneos*]" = "iPhone Developer";
				COPY_PHASE_STRIP = NO;
				DEBUG_INFORMATION_FORMAT = "dwarf-with-dsym";
				ENABLE_NS_ASSERTIONS = NO;
				ENABLE_STRICT_OBJC_MSGSEND = YES;
				GCC_C_LANGUAGE_STANDARD = gnu99;
				GCC_NO_COMMON_BLOCKS = YES;
				GCC_WARN_64_TO_32_BIT_CONVERSION = YES;
				GCC_WARN_ABOUT_RETURN_TYPE = YES_ERROR;
				GCC_WARN_UNDECLARED_SELECTOR = YES;
				GCC_WARN_UNINITIALIZED_AUTOS = YES_AGGRESSIVE;
				GCC_WARN_UNUSED_FUNCTION = YES;
				GCC_WARN_UNUSED_VARIABLE = YES;
				IPHONEOS_DEPLOYMENT_TARGET = 10.3;
				MTL_ENABLE_DEBUG_INFO = NO;
				SDKROOT = iphoneos;
				TARGETED_DEVICE_FAMILY = "1,2";
				VALIDATE_PRODUCT = YES;
			};
			name = Release;
		};
		486D13121F27164200328805 /* Debug */ = {
			isa = XCBuildConfiguration;
			buildSettings = {
				ASSETCATALOG_COMPILER_APPICON_NAME = AppIcon;
				DEVELOPMENT_TEAM = 3R9SL7LBDT;
				GCC_PREFIX_HEADER = "$(SRCROOT)/XCChain/PrefixHeader.pch";
				INFOPLIST_FILE = XCChain/Info.plist;
				LD_RUNPATH_SEARCH_PATHS = "$(inherited) @executable_path/Frameworks";
				PRODUCT_BUNDLE_IDENTIFIER = com.jjzh.XCChain;
				PRODUCT_NAME = "$(TARGET_NAME)";
			};
			name = Debug;
		};
		486D13131F27164200328805 /* Release */ = {
			isa = XCBuildConfiguration;
			buildSettings = {
				ASSETCATALOG_COMPILER_APPICON_NAME = AppIcon;
				DEVELOPMENT_TEAM = 3R9SL7LBDT;
				GCC_PREFIX_HEADER = "$(SRCROOT)/XCChain/PrefixHeader.pch";
				INFOPLIST_FILE = XCChain/Info.plist;
				LD_RUNPATH_SEARCH_PATHS = "$(inherited) @executable_path/Frameworks";
				PRODUCT_BUNDLE_IDENTIFIER = com.jjzh.XCChain;
				PRODUCT_NAME = "$(TARGET_NAME)";
			};
			name = Release;
		};
		486D13151F27164200328805 /* Debug */ = {
			isa = XCBuildConfiguration;
			buildSettings = {
				BUNDLE_LOADER = "$(TEST_HOST)";
				DEVELOPMENT_TEAM = 3R9SL7LBDT;
				INFOPLIST_FILE = XCChainTests/Info.plist;
				LD_RUNPATH_SEARCH_PATHS = "$(inherited) @executable_path/Frameworks @loader_path/Frameworks";
				PRODUCT_BUNDLE_IDENTIFIER = com.jjzh.XCChainTests;
				PRODUCT_NAME = "$(TARGET_NAME)";
				TEST_HOST = "$(BUILT_PRODUCTS_DIR)/XCChain.app/XCChain";
			};
			name = Debug;
		};
		486D13161F27164200328805 /* Release */ = {
			isa = XCBuildConfiguration;
			buildSettings = {
				BUNDLE_LOADER = "$(TEST_HOST)";
				DEVELOPMENT_TEAM = 3R9SL7LBDT;
				INFOPLIST_FILE = XCChainTests/Info.plist;
				LD_RUNPATH_SEARCH_PATHS = "$(inherited) @executable_path/Frameworks @loader_path/Frameworks";
				PRODUCT_BUNDLE_IDENTIFIER = com.jjzh.XCChainTests;
				PRODUCT_NAME = "$(TARGET_NAME)";
				TEST_HOST = "$(BUILT_PRODUCTS_DIR)/XCChain.app/XCChain";
			};
			name = Release;
		};
		486D13181F27164200328805 /* Debug */ = {
			isa = XCBuildConfiguration;
			buildSettings = {
				DEVELOPMENT_TEAM = 3R9SL7LBDT;
				INFOPLIST_FILE = XCChainUITests/Info.plist;
				LD_RUNPATH_SEARCH_PATHS = "$(inherited) @executable_path/Frameworks @loader_path/Frameworks";
				PRODUCT_BUNDLE_IDENTIFIER = com.jjzh.XCChainUITests;
				PRODUCT_NAME = "$(TARGET_NAME)";
				TEST_TARGET_NAME = XCChain;
			};
			name = Debug;
		};
		486D13191F27164200328805 /* Release */ = {
			isa = XCBuildConfiguration;
			buildSettings = {
				DEVELOPMENT_TEAM = 3R9SL7LBDT;
				INFOPLIST_FILE = XCChainUITests/Info.plist;
				LD_RUNPATH_SEARCH_PATHS = "$(inherited) @executable_path/Frameworks @loader_path/Frameworks";
				PRODUCT_BUNDLE_IDENTIFIER = com.jjzh.XCChainUITests;
				PRODUCT_NAME = "$(TARGET_NAME)";
				TEST_TARGET_NAME = XCChain;
			};
			name = Release;
		};
/* End XCBuildConfiguration section */

/* Begin XCConfigurationList section */
		486D12DF1F27164100328805 /* Build configuration list for PBXProject "XCChain" */ = {
			isa = XCConfigurationList;
			buildConfigurations = (
				486D130F1F27164200328805 /* Debug */,
				486D13101F27164200328805 /* Release */,
			);
			defaultConfigurationIsVisible = 0;
			defaultConfigurationName = Release;
		};
		486D13111F27164200328805 /* Build configuration list for PBXNativeTarget "XCChain" */ = {
			isa = XCConfigurationList;
			buildConfigurations = (
				486D13121F27164200328805 /* Debug */,
				486D13131F27164200328805 /* Release */,
			);
			defaultConfigurationIsVisible = 0;
			defaultConfigurationName = Release;
		};
		486D13141F27164200328805 /* Build configuration list for PBXNativeTarget "XCChainTests" */ = {
			isa = XCConfigurationList;
			buildConfigurations = (
				486D13151F27164200328805 /* Debug */,
				486D13161F27164200328805 /* Release */,
			);
			defaultConfigurationIsVisible = 0;
			defaultConfigurationName = Release;
		};
		486D13171F27164200328805 /* Build configuration list for PBXNativeTarget "XCChainUITests" */ = {
			isa = XCConfigurationList;
			buildConfigurations = (
				486D13181F27164200328805 /* Debug */,
				486D13191F27164200328805 /* Release */,
			);
			defaultConfigurationIsVisible = 0;
			defaultConfigurationName = Release;
		};
/* End XCConfigurationList section */
	};
	rootObject = 486D12DC1F27164100328805 /* Project object */;
}
